
Microsoft Visual Studio Solution File, Format Version 12.00
# Visual Studio 15
VisualStudioVersion = 15.0.28307.1231
MinimumVisualStudioVersion = 10.0.40219.1
Project("{FAE04EC0-301F-11D3-BF4B-00C04F79EFBC}") = "NikitosBank", "NikitosBank\NikitosBank.csproj", "{32FC242B-68DE-4D9A-83F7-F2E6836F086D}"
EndProject
Global
	GlobalSection(SolutionConfigurationPlatforms) = preSolution
		Debug|Any CPU = Debug|Any CPU
		Release|Any CPU = Release|Any CPU
	EndGlobalSection
	GlobalSection(ProjectConfigurationPlatforms) = postSolution
		{32FC242B-68DE-4D9A-83F7-F2E6836F086D}.Debug|Any CPU.ActiveCfg = Debug|Any CPU
		{32FC242B-68DE-4D9A-83F7-F2E6836F086D}.Debug|Any CPU.Build.0 = Debug|Any CPU
		{32FC242B-68DE-4D9A-83F7-F2E6836F086D}.Release|Any CPU.ActiveCfg = Release|Any CPU
		{32FC242B-68DE-4D9A-83F7-F2E6836F086D}.Release|Any CPU.Build.0 = Release|Any CPU
	EndGlobalSection
	GlobalSection(SolutionProperties) = preSolution
		HideSolutionNode = FALSE
	EndGlobalSection
	GlobalSection(ExtensibilityGlobals) = postSolution
		SolutionGuid = {F87680A5-8230-4C76-AC1E-377F5B7FD503}
	EndGlobalSection
EndGlobal
